
Microsoft Visual Studio Solution File, Format Version 12.00
# Visual Studio Version 17
VisualStudioVersion = 17.11.35312.102
MinimumVisualStudioVersion = 10.0.40219.1
Project("{8BC9CEB8-8B4A-11D0-8D11-00A0C91BC942}") = "Project2", "Project2\Project2.vcxproj", "{9FC5B9FA-9AEF-45A9-AA20-5A4D5DD8485C}"
EndProject
Global
	GlobalSection(SolutionConfigurationPlatforms) = preSolution
		Debug|ARM64 = Debug|ARM64
		Debug|x64 = Debug|x64
		Debug|x86 = Debug|x86
		Release|ARM64 = Release|ARM64
		Release|x64 = Release|x64
		Release|x86 = Release|x86
	EndGlobalSection
	GlobalSection(ProjectConfigurationPlatforms) = postSolution
		{9FC5B9FA-9AEF-45A9-AA20-5A4D5DD8485C}.Debug|ARM64.ActiveCfg = Debug|ARM64
		{9FC5B9FA-9AEF-45A9-AA20-5A4D5DD8485C}.Debug|ARM64.Build.0 = Debug|ARM64
		{9FC5B9FA-9AEF-45A9-AA20-5A4D5DD8485C}.Debug|x64.ActiveCfg = Debug|x64
		{9FC5B9FA-9AEF-45A9-AA20-5A4D5DD8485C}.Debug|x64.Build.0 = Debug|x64
		{9FC5B9FA-9AEF-45A9-AA20-5A4D5DD8485C}.Debug|x86.ActiveCfg = Debug|Win32
		{9FC5B9FA-9AEF-45A9-AA20-5A4D5DD8485C}.Debug|x86.Build.0 = Debug|Win32
		{9FC5B9FA-9AEF-45A9-AA20-5A4D5DD8485C}.Release|ARM64.ActiveCfg = Release|ARM64
		{9FC5B9FA-9AEF-45A9-AA20-5A4D5DD8485C}.Release|ARM64.Build.0 = Release|ARM64
		{9FC5B9FA-9AEF-45A9-AA20-5A4D5DD8485C}.Release|x64.ActiveCfg = Release|x64
		{9FC5B9FA-9AEF-45A9-AA20-5A4D5DD8485C}.Release|x64.Build.0 = Release|x64
		{9FC5B9FA-9AEF-45A9-AA20-5A4D5DD8485C}.Release|x86.ActiveCfg = Release|Win32
		{9FC5B9FA-9AEF-45A9-AA20-5A4D5DD8485C}.Release|x86.Build.0 = Release|Win32
	EndGlobalSection
	GlobalSection(SolutionProperties) = preSolution
		HideSolutionNode = FALSE
	EndGlobalSection
	GlobalSection(ExtensibilityGlobals) = postSolution
		SolutionGuid = {C6119935-D9F6-4B43-A40C-994E6FD42F48}
	EndGlobalSection
EndGlobal
